
Microsoft Visual Studio Solution File, Format Version 12.00
# Visual Studio Version 17
VisualStudioVersion = 17.5.002.0
MinimumVisualStudioVersion = 10.0.40219.1
Project("{9A19103F-16F7-4668-BE54-9A1E7A4F7556}") = "day-04", "day-04.csproj", "{425BF41A-6BC0-4C60-8918-052AFB57415F}"
EndProject
Global
	GlobalSection(SolutionConfigurationPlatforms) = preSolution
		Debug|Any CPU = Debug|Any CPU
		Release|Any CPU = Release|Any CPU
	EndGlobalSection
	GlobalSection(ProjectConfigurationPlatforms) = postSolution
		{425BF41A-6BC0-4C60-8918-052AFB57415F}.Debug|Any CPU.ActiveCfg = Debug|Any CPU
		{425BF41A-6BC0-4C60-8918-052AFB57415F}.Debug|Any CPU.Build.0 = Debug|Any CPU
		{425BF41A-6BC0-4C60-8918-052AFB57415F}.Release|Any CPU.ActiveCfg = Release|Any CPU
		{425BF41A-6BC0-4C60-8918-052AFB57415F}.Release|Any CPU.Build.0 = Release|Any CPU
	EndGlobalSection
	GlobalSection(SolutionProperties) = preSolution
		HideSolutionNode = FALSE
	EndGlobalSection
	GlobalSection(ExtensibilityGlobals) = postSolution
		SolutionGuid = {D3D4C254-67DB-4280-8D65-6B702B3CF8C0}
	EndGlobalSection
EndGlobal
